// !$*UTF8*$!
{
	archiveVersion = 1;
	classes = {
	};
	objectVersion = 46;
	objects = {

/* Begin PBXBuildFile section */
		EE668C491A229CD600A5454A /* JSONKit.m in Sources */ = {isa = PBXBuildFile; fileRef = EE668C421A229CD600A5454A /* JSONKit.m */; settings = {COMPILER_FLAGS = "-fno-objc-arc"; }; };
		EE668C4B1A229CD600A5454A /* SVHTTPClient.m in Sources */ = {isa = PBXBuildFile; fileRef = EE668C451A229CD600A5454A /* SVHTTPClient.m */; };
		EE668C4C1A229CD600A5454A /* SVHTTPRequest.m in Sources */ = {isa = PBXBuildFile; fileRef = EE668C471A229CD600A5454A /* SVHTTPRequest.m */; };
		EE668C501A22B25500A5454A /* CaaSCommunicator.swift in Sources */ = {isa = PBXBuildFile; fileRef = EE668C4F1A22B25500A5454A /* CaaSCommunicator.swift */; };
		EE668C521A22B2FA00A5454A /* AccountModel.swift in Sources */ = {isa = PBXBuildFile; fileRef = EE668C511A22B2FA00A5454A /* AccountModel.swift */; };
		EED67B4F1A1EFFAF004CA3AF /* AppDelegate.swift in Sources */ = {isa = PBXBuildFile; fileRef = EED67B4E1A1EFFAF004CA3AF /* AppDelegate.swift */; };
		EED67B511A1EFFAF004CA3AF /* CaaSViewController.swift in Sources */ = {isa = PBXBuildFile; fileRef = EED67B501A1EFFAF004CA3AF /* CaaSViewController.swift */; };
		EED67B541A1EFFAF004CA3AF /* Main.storyboard in Resources */ = {isa = PBXBuildFile; fileRef = EED67B521A1EFFAF004CA3AF /* Main.storyboard */; };
		EED67B561A1EFFAF004CA3AF /* Images.xcassets in Resources */ = {isa = PBXBuildFile; fileRef = EED67B551A1EFFAF004CA3AF /* Images.xcassets */; };
		EED67B591A1EFFAF004CA3AF /* LaunchScreen.xib in Resources */ = {isa = PBXBuildFile; fileRef = EED67B571A1EFFAF004CA3AF /* LaunchScreen.xib */; };
		EED67B651A1EFFB0004CA3AF /* ApertureEnvironmentCheckerTests.swift in Sources */ = {isa = PBXBuildFile; fileRef = EED67B641A1EFFB0004CA3AF /* ApertureEnvironmentCheckerTests.swift */; };
		EED67B6F1A1F040F004CA3AF /* MainPageLayout.swift in Sources */ = {isa = PBXBuildFile; fileRef = EED67B6E1A1F040F004CA3AF /* MainPageLayout.swift */; };
		EED67B731A1F3E73004CA3AF /* MainLayoutCollectionCellCollectionViewCell.swift in Sources */ = {isa = PBXBuildFile; fileRef = EED67B721A1F3E73004CA3AF /* MainLayoutCollectionCellCollectionViewCell.swift */; };
/* End PBXBuildFile section */

/* Begin PBXContainerItemProxy section */
		EED67B5F1A1EFFAF004CA3AF /* PBXContainerItemProxy */ = {
			isa = PBXContainerItemProxy;
			containerPortal = EED67B411A1EFFAF004CA3AF /* Project object */;
			proxyType = 1;
			remoteGlobalIDString = EED67B481A1EFFAF004CA3AF;
			remoteInfo = ApertureEnvironmentChecker;
		};
/* End PBXContainerItemProxy section */

/* Begin PBXFileReference section */
		EE668C411A229CD600A5454A /* JSONKit.h */ = {isa = PBXFileReference; fileEncoding = 4; lastKnownFileType = sourcecode.c.h; path = JSONKit.h; sourceTree = "<group>"; };
		EE668C421A229CD600A5454A /* JSONKit.m */ = {isa = PBXFileReference; fileEncoding = 4; lastKnownFileType = sourcecode.c.objc; path = JSONKit.m; sourceTree = "<group>"; };
		EE668C441A229CD600A5454A /* SVHTTPClient.h */ = {isa = PBXFileReference; fileEncoding = 4; lastKnownFileType = sourcecode.c.h; path = SVHTTPClient.h; sourceTree = "<group>"; };
		EE668C451A229CD600A5454A /* SVHTTPClient.m */ = {isa = PBXFileReference; fileEncoding = 4; lastKnownFileType = sourcecode.c.objc; path = SVHTTPClient.m; sourceTree = "<group>"; };
		EE668C461A229CD600A5454A /* SVHTTPRequest.h */ = {isa = PBXFileReference; fileEncoding = 4; lastKnownFileType = sourcecode.c.h; path = SVHTTPRequest.h; sourceTree = "<group>"; };
		EE668C471A229CD600A5454A /* SVHTTPRequest.m */ = {isa = PBXFileReference; fileEncoding = 4; lastKnownFileType = sourcecode.c.objc; path = SVHTTPRequest.m; sourceTree = "<group>"; };
		EE668C4E1A229E1600A5454A /* ApertureEnvironmentChecker-bridging-header.h */ = {isa = PBXFileReference; lastKnownFileType = sourcecode.c.h; path = "ApertureEnvironmentChecker-bridging-header.h"; sourceTree = "<group>"; };
		EE668C4F1A22B25500A5454A /* CaaSCommunicator.swift */ = {isa = PBXFileReference; fileEncoding = 4; lastKnownFileType = sourcecode.swift; path = CaaSCommunicator.swift; sourceTree = "<group>"; };
		EE668C511A22B2FA00A5454A /* AccountModel.swift */ = {isa = PBXFileReference; fileEncoding = 4; lastKnownFileType = sourcecode.swift; path = AccountModel.swift; sourceTree = "<group>"; };
		EED67B491A1EFFAF004CA3AF /* ApertureEnvironmentChecker.app */ = {isa = PBXFileReference; explicitFileType = wrapper.application; includeInIndex = 0; path = ApertureEnvironmentChecker.app; sourceTree = BUILT_PRODUCTS_DIR; };
		EED67B4D1A1EFFAF004CA3AF /* Info.plist */ = {isa = PBXFileReference; lastKnownFileType = text.plist.xml; path = Info.plist; sourceTree = "<group>"; };
		EED67B4E1A1EFFAF004CA3AF /* AppDelegate.swift */ = {isa = PBXFileReference; lastKnownFileType = sourcecode.swift; path = AppDelegate.swift; sourceTree = "<group>"; };
		EED67B501A1EFFAF004CA3AF /* CaaSViewController.swift */ = {isa = PBXFileReference; lastKnownFileType = sourcecode.swift; path = CaaSViewController.swift; sourceTree = "<group>"; };
		EED67B531A1EFFAF004CA3AF /* Base */ = {isa = PBXFileReference; lastKnownFileType = file.storyboard; name = Base; path = Base.lproj/Main.storyboard; sourceTree = "<group>"; };
		EED67B551A1EFFAF004CA3AF /* Images.xcassets */ = {isa = PBXFileReference; lastKnownFileType = folder.assetcatalog; path = Images.xcassets; sourceTree = "<group>"; };
		EED67B581A1EFFAF004CA3AF /* Base */ = {isa = PBXFileReference; lastKnownFileType = file.xib; name = Base; path = Base.lproj/LaunchScreen.xib; sourceTree = "<group>"; };
		EED67B5E1A1EFFAF004CA3AF /* ApertureEnvironmentCheckerTests.xctest */ = {isa = PBXFileReference; explicitFileType = wrapper.cfbundle; includeInIndex = 0; path = ApertureEnvironmentCheckerTests.xctest; sourceTree = BUILT_PRODUCTS_DIR; };
		EED67B631A1EFFAF004CA3AF /* Info.plist */ = {isa = PBXFileReference; lastKnownFileType = text.plist.xml; path = Info.plist; sourceTree = "<group>"; };
		EED67B641A1EFFB0004CA3AF /* ApertureEnvironmentCheckerTests.swift */ = {isa = PBXFileReference; lastKnownFileType = sourcecode.swift; path = ApertureEnvironmentCheckerTests.swift; sourceTree = "<group>"; };
		EED67B6E1A1F040F004CA3AF /* MainPageLayout.swift */ = {isa = PBXFileReference; fileEncoding = 4; lastKnownFileType = sourcecode.swift; path = MainPageLayout.swift; sourceTree = "<group>"; };
		EED67B721A1F3E73004CA3AF /* MainLayoutCollectionCellCollectionViewCell.swift */ = {isa = PBXFileReference; fileEncoding = 4; lastKnownFileType = sourcecode.swift; path = MainLayoutCollectionCellCollectionViewCell.swift; sourceTree = "<group>"; };
/* End PBXFileReference section */

/* Begin PBXFrameworksBuildPhase section */
		EED67B461A1EFFAF004CA3AF /* Frameworks */ = {
			isa = PBXFrameworksBuildPhase;
			buildActionMask = 2147483647;
			files = (
			);
			runOnlyForDeploymentPostprocessing = 0;
		};
		EED67B5B1A1EFFAF004CA3AF /* Frameworks */ = {
			isa = PBXFrameworksBuildPhase;
			buildActionMask = 2147483647;
			files = (
			);
			runOnlyForDeploymentPostprocessing = 0;
		};
/* End PBXFrameworksBuildPhase section */

/* Begin PBXGroup section */
		EE668C3A1A2292DF00A5454A /* Models */ = {
			isa = PBXGroup;
			children = (
				EE668C511A22B2FA00A5454A /* AccountModel.swift */,
			);
			name = Models;
			sourceTree = "<group>";
		};
		EE668C3B1A2292E700A5454A /* Resources */ = {
			isa = PBXGroup;
			children = (
				EED67B521A1EFFAF004CA3AF /* Main.storyboard */,
				EED67B551A1EFFAF004CA3AF /* Images.xcassets */,
				EED67B571A1EFFAF004CA3AF /* LaunchScreen.xib */,
			);
			name = Resources;
			sourceTree = "<group>";
		};
		EE668C3C1A2292F900A5454A /* Code */ = {
			isa = PBXGroup;
			children = (
				EED67B4E1A1EFFAF004CA3AF /* AppDelegate.swift */,
				EE668C4F1A22B25500A5454A /* CaaSCommunicator.swift */,
			);
			name = Code;
			sourceTree = "<group>";
		};
		EE668C3D1A229CC700A5454A /* Lib */ = {
			isa = PBXGroup;
			children = (
				EE668C3E1A229CD600A5454A /* SVHTTPRequest */,
			);
			name = Lib;
			sourceTree = "<group>";
		};
		EE668C3E1A229CD600A5454A /* SVHTTPRequest */ = {
			isa = PBXGroup;
			children = (
				EE668C3F1A229CD600A5454A /* JSONKit */,
				EE668C441A229CD600A5454A /* SVHTTPClient.h */,
				EE668C451A229CD600A5454A /* SVHTTPClient.m */,
				EE668C461A229CD600A5454A /* SVHTTPRequest.h */,
				EE668C471A229CD600A5454A /* SVHTTPRequest.m */,
			);
			name = SVHTTPRequest;
			path = Lib/SVHTTPRequest;
			sourceTree = "<group>";
		};
		EE668C3F1A229CD600A5454A /* JSONKit */ = {
			isa = PBXGroup;
			children = (
				EE668C411A229CD600A5454A /* JSONKit.h */,
				EE668C421A229CD600A5454A /* JSONKit.m */,
			);
			path = JSONKit;
			sourceTree = "<group>";
		};
		EED67B401A1EFFAF004CA3AF = {
			isa = PBXGroup;
			children = (
				EED67B4B1A1EFFAF004CA3AF /* ApertureEnvironmentChecker */,
				EED67B611A1EFFAF004CA3AF /* ApertureEnvironmentCheckerTests */,
				EED67B4A1A1EFFAF004CA3AF /* Products */,
			);
			sourceTree = "<group>";
		};
		EED67B4A1A1EFFAF004CA3AF /* Products */ = {
			isa = PBXGroup;
			children = (
				EED67B491A1EFFAF004CA3AF /* ApertureEnvironmentChecker.app */,
				EED67B5E1A1EFFAF004CA3AF /* ApertureEnvironmentCheckerTests.xctest */,
			);
			name = Products;
			sourceTree = "<group>";
		};
		EED67B4B1A1EFFAF004CA3AF /* ApertureEnvironmentChecker */ = {
			isa = PBXGroup;
			children = (
				EE668C3D1A229CC700A5454A /* Lib */,
				EE668C3C1A2292F900A5454A /* Code */,
				EE668C3B1A2292E700A5454A /* Resources */,
				EE668C3A1A2292DF00A5454A /* Models */,
				EED67B711A1F3E42004CA3AF /* ViewControllers */,
				EED67B701A1F3E39004CA3AF /* Views */,
				EED67B4C1A1EFFAF004CA3AF /* Supporting Files */,
			);
			path = ApertureEnvironmentChecker;
			sourceTree = "<group>";
		};
		EED67B4C1A1EFFAF004CA3AF /* Supporting Files */ = {
			isa = PBXGroup;
			children = (
				EE668C4E1A229E1600A5454A /* ApertureEnvironmentChecker-bridging-header.h */,
				EED67B4D1A1EFFAF004CA3AF /* Info.plist */,
			);
			name = "Supporting Files";
			sourceTree = "<group>";
		};
		EED67B611A1EFFAF004CA3AF /* ApertureEnvironmentCheckerTests */ = {
			isa = PBXGroup;
			children = (
				EED67B641A1EFFB0004CA3AF /* ApertureEnvironmentCheckerTests.swift */,
				EED67B621A1EFFAF004CA3AF /* Supporting Files */,
			);
			path = ApertureEnvironmentCheckerTests;
			sourceTree = "<group>";
		};
		EED67B621A1EFFAF004CA3AF /* Supporting Files */ = {
			isa = PBXGroup;
			children = (
				EED67B631A1EFFAF004CA3AF /* Info.plist */,
			);
			name = "Supporting Files";
			sourceTree = "<group>";
		};
		EED67B701A1F3E39004CA3AF /* Views */ = {
			isa = PBXGroup;
			children = (
				EED67B721A1F3E73004CA3AF /* MainLayoutCollectionCellCollectionViewCell.swift */,
			);
			name = Views;
			sourceTree = "<group>";
		};
		EED67B711A1F3E42004CA3AF /* ViewControllers */ = {
			isa = PBXGroup;
			children = (
				EED67B6E1A1F040F004CA3AF /* MainPageLayout.swift */,
				EED67B501A1EFFAF004CA3AF /* CaaSViewController.swift */,
			);
			name = ViewControllers;
			sourceTree = "<group>";
		};
/* End PBXGroup section */

/* Begin PBXNativeTarget section */
		EED67B481A1EFFAF004CA3AF /* ApertureEnvironmentChecker */ = {
			isa = PBXNativeTarget;
			buildConfigurationList = EED67B681A1EFFB0004CA3AF /* Build configuration list for PBXNativeTarget "ApertureEnvironmentChecker" */;
			buildPhases = (
				EED67B451A1EFFAF004CA3AF /* Sources */,
				EED67B461A1EFFAF004CA3AF /* Frameworks */,
				EED67B471A1EFFAF004CA3AF /* Resources */,
			);
			buildRules = (
			);
			dependencies = (
			);
			name = ApertureEnvironmentChecker;
			productName = ApertureEnvironmentChecker;
			productReference = EED67B491A1EFFAF004CA3AF /* ApertureEnvironmentChecker.app */;
			productType = "com.apple.product-type.application";
		};
		EED67B5D1A1EFFAF004CA3AF /* ApertureEnvironmentCheckerTests */ = {
			isa = PBXNativeTarget;
			buildConfigurationList = EED67B6B1A1EFFB0004CA3AF /* Build configuration list for PBXNativeTarget "ApertureEnvironmentCheckerTests" */;
			buildPhases = (
				EED67B5A1A1EFFAF004CA3AF /* Sources */,
				EED67B5B1A1EFFAF004CA3AF /* Frameworks */,
				EED67B5C1A1EFFAF004CA3AF /* Resources */,
			);
			buildRules = (
			);
			dependencies = (
				EED67B601A1EFFAF004CA3AF /* PBXTargetDependency */,
			);
			name = ApertureEnvironmentCheckerTests;
			productName = ApertureEnvironmentCheckerTests;
			productReference = EED67B5E1A1EFFAF004CA3AF /* ApertureEnvironmentCheckerTests.xctest */;
			productType = "com.apple.product-type.bundle.unit-test";
		};
/* End PBXNativeTarget section */

/* Begin PBXProject section */
		EED67B411A1EFFAF004CA3AF /* Project object */ = {
			isa = PBXProject;
			attributes = {
				LastUpgradeCheck = 0610;
				ORGANIZATIONNAME = Eviology;
				TargetAttributes = {
					EED67B481A1EFFAF004CA3AF = {
						CreatedOnToolsVersion = 6.1;
					};
					EED67B5D1A1EFFAF004CA3AF = {
						CreatedOnToolsVersion = 6.1;
						TestTargetID = EED67B481A1EFFAF004CA3AF;
					};
				};
			};
			buildConfigurationList = EED67B441A1EFFAF004CA3AF /* Build configuration list for PBXProject "ApertureEnvironmentChecker" */;
			compatibilityVersion = "Xcode 3.2";
			developmentRegion = English;
			hasScannedForEncodings = 0;
			knownRegions = (
				en,
				Base,
			);
			mainGroup = EED67B401A1EFFAF004CA3AF;
			productRefGroup = EED67B4A1A1EFFAF004CA3AF /* Products */;
			projectDirPath = "";
			projectRoot = "";
			targets = (
				EED67B481A1EFFAF004CA3AF /* ApertureEnvironmentChecker */,
				EED67B5D1A1EFFAF004CA3AF /* ApertureEnvironmentCheckerTests */,
			);
		};
/* End PBXProject section */

/* Begin PBXResourcesBuildPhase section */
		EED67B471A1EFFAF004CA3AF /* Resources */ = {
			isa = PBXResourcesBuildPhase;
			buildActionMask = 2147483647;
			files = (
				EED67B541A1EFFAF004CA3AF /* Main.storyboard in Resources */,
				EED67B591A1EFFAF004CA3AF /* LaunchScreen.xib in Resources */,
				EED67B561A1EFFAF004CA3AF /* Images.xcassets in Resources */,
			);
			runOnlyForDeploymentPostprocessing = 0;
		};
		EED67B5C1A1EFFAF004CA3AF /* Resources */ = {
			isa = PBXResourcesBuildPhase;
			buildActionMask = 2147483647;
			files = (
			);
			runOnlyForDeploymentPostprocessing = 0;
		};
/* End PBXResourcesBuildPhase section */

/* Begin PBXSourcesBuildPhase section */
		EED67B451A1EFFAF004CA3AF /* Sources */ = {
			isa = PBXSourcesBuildPhase;
			buildActionMask = 2147483647;
			files = (
				EED67B6F1A1F040F004CA3AF /* MainPageLayout.swift in Sources */,
				EE668C521A22B2FA00A5454A /* AccountModel.swift in Sources */,
				EE668C4B1A229CD600A5454A /* SVHTTPClient.m in Sources */,
				EE668C501A22B25500A5454A /* CaaSCommunicator.swift in Sources */,
				EE668C491A229CD600A5454A /* JSONKit.m in Sources */,
				EE668C4C1A229CD600A5454A /* SVHTTPRequest.m in Sources */,
				EED67B731A1F3E73004CA3AF /* MainLayoutCollectionCellCollectionViewCell.swift in Sources */,
				EED67B511A1EFFAF004CA3AF /* CaaSViewController.swift in Sources */,
				EED67B4F1A1EFFAF004CA3AF /* AppDelegate.swift in Sources */,
			);
			runOnlyForDeploymentPostprocessing = 0;
		};
		EED67B5A1A1EFFAF004CA3AF /* Sources */ = {
			isa = PBXSourcesBuildPhase;
			buildActionMask = 2147483647;
			files = (
				EED67B651A1EFFB0004CA3AF /* ApertureEnvironmentCheckerTests.swift in Sources */,
			);
			runOnlyForDeploymentPostprocessing = 0;
		};
/* End PBXSourcesBuildPhase section */

/* Begin PBXTargetDependency section */
		EED67B601A1EFFAF004CA3AF /* PBXTargetDependency */ = {
			isa = PBXTargetDependency;
			target = EED67B481A1EFFAF004CA3AF /* ApertureEnvironmentChecker */;
			targetProxy = EED67B5F1A1EFFAF004CA3AF /* PBXContainerItemProxy */;
		};
/* End PBXTargetDependency section */

/* Begin PBXVariantGroup section */
		EED67B521A1EFFAF004CA3AF /* Main.storyboard */ = {
			isa = PBXVariantGroup;
			children = (
				EED67B531A1EFFAF004CA3AF /* Base */,
			);
			name = Main.storyboard;
			sourceTree = "<group>";
		};
		EED67B571A1EFFAF004CA3AF /* LaunchScreen.xib */ = {
			isa = PBXVariantGroup;
			children = (
				EED67B581A1EFFAF004CA3AF /* Base */,
			);
			name = LaunchScreen.xib;
			sourceTree = "<group>";
		};
/* End PBXVariantGroup section */

/* Begin XCBuildConfiguration section */
		EED67B661A1EFFB0004CA3AF /* Debug */ = {
			isa = XCBuildConfiguration;
			buildSettings = {
				ALWAYS_SEARCH_USER_PATHS = NO;
				CLANG_CXX_LANGUAGE_STANDARD = "gnu++0x";
				CLANG_CXX_LIBRARY = "libc++";
				CLANG_ENABLE_MODULES = YES;
				CLANG_ENABLE_OBJC_ARC = YES;
				CLANG_WARN_BOOL_CONVERSION = YES;
				CLANG_WARN_CONSTANT_CONVERSION = YES;
				CLANG_WARN_DIRECT_OBJC_ISA_USAGE = YES_ERROR;
				CLANG_WARN_EMPTY_BODY = YES;
				CLANG_WARN_ENUM_CONVERSION = YES;
				CLANG_WARN_INT_CONVERSION = YES;
				CLANG_WARN_OBJC_ROOT_CLASS = YES_ERROR;
				CLANG_WARN_UNREACHABLE_CODE = YES;
				CLANG_WARN__DUPLICATE_METHOD_MATCH = YES;
				"CODE_SIGN_IDENTITY[sdk=iphoneos*]" = "iPhone Developer";
				COPY_PHASE_STRIP = NO;
				ENABLE_STRICT_OBJC_MSGSEND = YES;
				GCC_C_LANGUAGE_STANDARD = gnu99;
				GCC_DYNAMIC_NO_PIC = NO;
				GCC_OPTIMIZATION_LEVEL = 0;
				GCC_PREPROCESSOR_DEFINITIONS = (
					"DEBUG=1",
					"$(inherited)",
				);
				GCC_SYMBOLS_PRIVATE_EXTERN = NO;
				GCC_WARN_64_TO_32_BIT_CONVERSION = YES;
				GCC_WARN_ABOUT_RETURN_TYPE = YES_ERROR;
				GCC_WARN_UNDECLARED_SELECTOR = YES;
				GCC_WARN_UNINITIALIZED_AUTOS = YES_AGGRESSIVE;
				GCC_WARN_UNUSED_FUNCTION = YES;
				GCC_WARN_UNUSED_VARIABLE = YES;
				IPHONEOS_DEPLOYMENT_TARGET = 7.1;
				MTL_ENABLE_DEBUG_INFO = YES;
				ONLY_ACTIVE_ARCH = YES;
				SDKROOT = iphoneos;
				SWIFT_OPTIMIZATION_LEVEL = "-Onone";
			};
			name = Debug;
		};
		EED67B671A1EFFB0004CA3AF /* Release */ = {
			isa = XCBuildConfiguration;
			buildSettings = {
				ALWAYS_SEARCH_USER_PATHS = NO;
				CLANG_CXX_LANGUAGE_STANDARD = "gnu++0x";
				CLANG_CXX_LIBRARY = "libc++";
				CLANG_ENABLE_MODULES = YES;
				CLANG_ENABLE_OBJC_ARC = YES;
				CLANG_WARN_BOOL_CONVERSION = YES;
				CLANG_WARN_CONSTANT_CONVERSION = YES;
				CLANG_WARN_DIRECT_OBJC_ISA_USAGE = YES_ERROR;
				CLANG_WARN_EMPTY_BODY = YES;
				CLANG_WARN_ENUM_CONVERSION = YES;
				CLANG_WARN_INT_CONVERSION = YES;
				CLANG_WARN_OBJC_ROOT_CLASS = YES_ERROR;
				CLANG_WARN_UNREACHABLE_CODE = YES;
				CLANG_WARN__DUPLICATE_METHOD_MATCH = YES;
				"CODE_SIGN_IDENTITY[sdk=iphoneos*]" = "iPhone Developer";
				COPY_PHASE_STRIP = YES;
				ENABLE_NS_ASSERTIONS = NO;
				ENABLE_STRICT_OBJC_MSGSEND = YES;
				GCC_C_LANGUAGE_STANDARD = gnu99;
				GCC_WARN_64_TO_32_BIT_CONVERSION = YES;
				GCC_WARN_ABOUT_RETURN_TYPE = YES_ERROR;
				GCC_WARN_UNDECLARED_SELECTOR = YES;
				GCC_WARN_UNINITIALIZED_AUTOS = YES_AGGRESSIVE;
				GCC_WARN_UNUSED_FUNCTION = YES;
				GCC_WARN_UNUSED_VARIABLE = YES;
				IPHONEOS_DEPLOYMENT_TARGET = 7.1;
				MTL_ENABLE_DEBUG_INFO = NO;
				SDKROOT = iphoneos;
				VALIDATE_PRODUCT = YES;
			};
			name = Release;
		};
		EED67B691A1EFFB0004CA3AF /* Debug */ = {
			isa = XCBuildConfiguration;
			buildSettings = {
				ASSETCATALOG_COMPILER_APPICON_NAME = AppIcon;
				INFOPLIST_FILE = ApertureEnvironmentChecker/Info.plist;
				LD_RUNPATH_SEARCH_PATHS = "$(inherited) @executable_path/Frameworks";
				PRODUCT_NAME = "$(TARGET_NAME)";
				SWIFT_OBJC_BRIDGING_HEADER = "ApertureEnvironmentChecker/ApertureEnvironmentChecker-bridging-header.h";
			};
			name = Debug;
		};
		EED67B6A1A1EFFB0004CA3AF /* Release */ = {
			isa = XCBuildConfiguration;
			buildSettings = {
				ASSETCATALOG_COMPILER_APPICON_NAME = AppIcon;
				INFOPLIST_FILE = ApertureEnvironmentChecker/Info.plist;
				LD_RUNPATH_SEARCH_PATHS = "$(inherited) @executable_path/Frameworks";
				PRODUCT_NAME = "$(TARGET_NAME)";
				SWIFT_OBJC_BRIDGING_HEADER = "ApertureEnvironmentChecker/ApertureEnvironmentChecker-bridging-header.h";
			};
			name = Release;
		};
		EED67B6C1A1EFFB0004CA3AF /* Debug */ = {
			isa = XCBuildConfiguration;
			buildSettings = {
				BUNDLE_LOADER = "$(TEST_HOST)";
				FRAMEWORK_SEARCH_PATHS = (
					"$(SDKROOT)/Developer/Library/Frameworks",
					"$(inherited)",
				);
				GCC_PREPROCESSOR_DEFINITIONS = (
					"DEBUG=1",
					"$(inherited)",
				);
				INFOPLIST_FILE = ApertureEnvironmentCheckerTests/Info.plist;
				LD_RUNPATH_SEARCH_PATHS = "$(inherited) @executable_path/Frameworks @loader_path/Frameworks";
				PRODUCT_NAME = "$(TARGET_NAME)";
				TEST_HOST = "$(BUILT_PRODUCTS_DIR)/ApertureEnvironmentChecker.app/ApertureEnvironmentChecker";
			};
			name = Debug;
		};
		EED67B6D1A1EFFB0004CA3AF /* Release */ = {
			isa = XCBuildConfiguration;
			buildSettings = {
				BUNDLE_LOADER = "$(TEST_HOST)";
				FRAMEWORK_SEARCH_PATHS = (
					"$(SDKROOT)/Developer/Library/Frameworks",
					"$(inherited)",
				);
				INFOPLIST_FILE = ApertureEnvironmentCheckerTests/Info.plist;
				LD_RUNPATH_SEARCH_PATHS = "$(inherited) @executable_path/Frameworks @loader_path/Frameworks";
				PRODUCT_NAME = "$(TARGET_NAME)";
				TEST_HOST = "$(BUILT_PRODUCTS_DIR)/ApertureEnvironmentChecker.app/ApertureEnvironmentChecker";
			};
			name = Release;
		};
/* End XCBuildConfiguration section */

/* Begin XCConfigurationList section */
		EED67B441A1EFFAF004CA3AF /* Build configuration list for PBXProject "ApertureEnvironmentChecker" */ = {
			isa = XCConfigurationList;
			buildConfigurations = (
				EED67B661A1EFFB0004CA3AF /* Debug */,
				EED67B671A1EFFB0004CA3AF /* Release */,
			);
			defaultConfigurationIsVisible = 0;
			defaultConfigurationName = Release;
		};
		EED67B681A1EFFB0004CA3AF /* Build configuration list for PBXNativeTarget "ApertureEnvironmentChecker" */ = {
			isa = XCConfigurationList;
			buildConfigurations = (
				EED67B691A1EFFB0004CA3AF /* Debug */,
				EED67B6A1A1EFFB0004CA3AF /* Release */,
			);
			defaultConfigurationIsVisible = 0;
			defaultConfigurationName = Release;
		};
		EED67B6B1A1EFFB0004CA3AF /* Build configuration list for PBXNativeTarget "ApertureEnvironmentCheckerTests" */ = {
			isa = XCConfigurationList;
			buildConfigurations = (
				EED67B6C1A1EFFB0004CA3AF /* Debug */,
				EED67B6D1A1EFFB0004CA3AF /* Release */,
			);
			defaultConfigurationIsVisible = 0;
			defaultConfigurationName = Release;
		};
/* End XCConfigurationList section */
	};
	rootObject = EED67B411A1EFFAF004CA3AF /* Project object */;
}
